
Microsoft Visual Studio Solution File, Format Version 11.00
# Visual Studio 2010
Project("{FAE04EC0-301F-11D3-BF4B-00C04F79EFBC}") = "System.Web.Mvc.Composition", "System.Web.Mvc.Composition\System.Web.Mvc.Composition.csproj", "{10CF84EC-D350-4A89-8E15-1A76D0FB5F13}"
EndProject
Project("{FAE04EC0-301F-11D3-BF4B-00C04F79EFBC}") = "System.Web.Mvc.CompositionUnitTest", "System.Web.Mvc.CompositionUnitTest\System.Web.Mvc.CompositionUnitTest.csproj", "{FBEA2624-EAF2-42EA-AF08-CE10B553E263}"
EndProject
Global
	GlobalSection(SolutionConfigurationPlatforms) = preSolution
		Debug|Any CPU = Debug|Any CPU
		Release|Any CPU = Release|Any CPU
	EndGlobalSection
	GlobalSection(ProjectConfigurationPlatforms) = postSolution
		{10CF84EC-D350-4A89-8E15-1A76D0FB5F13}.Debug|Any CPU.ActiveCfg = Debug|Any CPU
		{10CF84EC-D350-4A89-8E15-1A76D0FB5F13}.Debug|Any CPU.Build.0 = Debug|Any CPU
		{10CF84EC-D350-4A89-8E15-1A76D0FB5F13}.Release|Any CPU.ActiveCfg = Release|Any CPU
		{10CF84EC-D350-4A89-8E15-1A76D0FB5F13}.Release|Any CPU.Build.0 = Release|Any CPU
		{FBEA2624-EAF2-42EA-AF08-CE10B553E263}.Debug|Any CPU.ActiveCfg = Debug|Any CPU
		{FBEA2624-EAF2-42EA-AF08-CE10B553E263}.Debug|Any CPU.Build.0 = Debug|Any CPU
		{FBEA2624-EAF2-42EA-AF08-CE10B553E263}.Release|Any CPU.ActiveCfg = Release|Any CPU
		{FBEA2624-EAF2-42EA-AF08-CE10B553E263}.Release|Any CPU.Build.0 = Release|Any CPU
	EndGlobalSection
	GlobalSection(SolutionProperties) = preSolution
		HideSolutionNode = FALSE
	EndGlobalSection
EndGlobal
